
Microsoft Visual Studio Solution File, Format Version 12.00
# Visual Studio Version 17
VisualStudioVersion = 17.0.31903.59
MinimumVisualStudioVersion = 10.0.40219.1
Project("{9A19103F-16F7-4668-BE54-9A1E7A4F7556}") = "xCVM.Core", "xCVM.Core\xCVM.Core.csproj", "{EDD474BD-F8B3-4BE4-BADA-C57DB8608AC8}"
EndProject
Project("{9A19103F-16F7-4668-BE54-9A1E7A4F7556}") = "xCVMc", "xCVMc\xCVMc.csproj", "{59A15C78-39A5-4B75-A4F5-337CE9351E13}"
EndProject
Project("{9A19103F-16F7-4668-BE54-9A1E7A4F7556}") = "xCVMc.Data", "xCVMc.Data\xCVMc.Data.csproj", "{34676FA7-4075-49DE-BFB8-77CEB144541C}"
EndProject
Project("{9A19103F-16F7-4668-BE54-9A1E7A4F7556}") = "xCVMrc", "xCVMrc\xCVMrc.csproj", "{43B3D919-F6B2-4B51-98F2-A5AD0ADB3122}"
EndProject
Project("{9A19103F-16F7-4668-BE54-9A1E7A4F7556}") = "xCVM.Core.CompilerServices", "xCVM.Core.CompilerServices\xCVM.Core.CompilerServices.csproj", "{8E319642-813D-4A74-989B-0FE00E53F871}"
EndProject
Project("{FAE04EC0-301F-11D3-BF4B-00C04F79EFBC}") = "xCVM.ShellUtilities", "xCVM.ShellUtilities\xCVM.ShellUtilities.csproj", "{91CAFA5F-AC72-4E03-865B-169AEBA3A788}"
EndProject
Global
	GlobalSection(SolutionConfigurationPlatforms) = preSolution
		Debug|Any CPU = Debug|Any CPU
		Release|Any CPU = Release|Any CPU
	EndGlobalSection
	GlobalSection(ProjectConfigurationPlatforms) = postSolution
		{EDD474BD-F8B3-4BE4-BADA-C57DB8608AC8}.Debug|Any CPU.ActiveCfg = Debug|Any CPU
		{EDD474BD-F8B3-4BE4-BADA-C57DB8608AC8}.Debug|Any CPU.Build.0 = Debug|Any CPU
		{EDD474BD-F8B3-4BE4-BADA-C57DB8608AC8}.Release|Any CPU.ActiveCfg = Release|Any CPU
		{EDD474BD-F8B3-4BE4-BADA-C57DB8608AC8}.Release|Any CPU.Build.0 = Release|Any CPU
		{59A15C78-39A5-4B75-A4F5-337CE9351E13}.Debug|Any CPU.ActiveCfg = Debug|Any CPU
		{59A15C78-39A5-4B75-A4F5-337CE9351E13}.Debug|Any CPU.Build.0 = Debug|Any CPU
		{59A15C78-39A5-4B75-A4F5-337CE9351E13}.Release|Any CPU.ActiveCfg = Release|Any CPU
		{59A15C78-39A5-4B75-A4F5-337CE9351E13}.Release|Any CPU.Build.0 = Release|Any CPU
		{34676FA7-4075-49DE-BFB8-77CEB144541C}.Debug|Any CPU.ActiveCfg = Debug|Any CPU
		{34676FA7-4075-49DE-BFB8-77CEB144541C}.Debug|Any CPU.Build.0 = Debug|Any CPU
		{34676FA7-4075-49DE-BFB8-77CEB144541C}.Release|Any CPU.ActiveCfg = Release|Any CPU
		{34676FA7-4075-49DE-BFB8-77CEB144541C}.Release|Any CPU.Build.0 = Release|Any CPU
		{43B3D919-F6B2-4B51-98F2-A5AD0ADB3122}.Debug|Any CPU.ActiveCfg = Debug|Any CPU
		{43B3D919-F6B2-4B51-98F2-A5AD0ADB3122}.Debug|Any CPU.Build.0 = Debug|Any CPU
		{43B3D919-F6B2-4B51-98F2-A5AD0ADB3122}.Release|Any CPU.ActiveCfg = Release|Any CPU
		{43B3D919-F6B2-4B51-98F2-A5AD0ADB3122}.Release|Any CPU.Build.0 = Release|Any CPU
		{8E319642-813D-4A74-989B-0FE00E53F871}.Debug|Any CPU.ActiveCfg = Debug|Any CPU
		{8E319642-813D-4A74-989B-0FE00E53F871}.Debug|Any CPU.Build.0 = Debug|Any CPU
		{8E319642-813D-4A74-989B-0FE00E53F871}.Release|Any CPU.ActiveCfg = Release|Any CPU
		{8E319642-813D-4A74-989B-0FE00E53F871}.Release|Any CPU.Build.0 = Release|Any CPU
		{91CAFA5F-AC72-4E03-865B-169AEBA3A788}.Debug|Any CPU.ActiveCfg = Debug|Any CPU
		{91CAFA5F-AC72-4E03-865B-169AEBA3A788}.Debug|Any CPU.Build.0 = Debug|Any CPU
		{91CAFA5F-AC72-4E03-865B-169AEBA3A788}.Release|Any CPU.ActiveCfg = Release|Any CPU
		{91CAFA5F-AC72-4E03-865B-169AEBA3A788}.Release|Any CPU.Build.0 = Release|Any CPU
	EndGlobalSection
	GlobalSection(SolutionProperties) = preSolution
		HideSolutionNode = FALSE
	EndGlobalSection
	GlobalSection(ExtensibilityGlobals) = postSolution
		SolutionGuid = {B462C80F-2718-4E96-ADE0-4CBC764339FF}
	EndGlobalSection
EndGlobal
