
Microsoft Visual Studio Solution File, Format Version 12.00
# Visual Studio Version 17
VisualStudioVersion = 17.0.31903.59
MinimumVisualStudioVersion = 10.0.40219.1
Project("{9A19103F-16F7-4668-BE54-9A1E7A4F7556}") = "xCVM.Core", "xCVM.Core\xCVM.Core.csproj", "{EDD474BD-F8B3-4BE4-BADA-C57DB8608AC8}"
EndProject
Project("{9A19103F-16F7-4668-BE54-9A1E7A4F7556}") = "xCVMc", "xCVMc\xCVMc.csproj", "{59A15C78-39A5-4B75-A4F5-337CE9351E13}"
EndProject
Project("{9A19103F-16F7-4668-BE54-9A1E7A4F7556}") = "xCVMc.Data", "xCVMc.Data\xCVMc.Data.csproj", "{34676FA7-4075-49DE-BFB8-77CEB144541C}"
EndProject
Project("{9A19103F-16F7-4668-BE54-9A1E7A4F7556}") = "xCVMrc", "xCVMrc\xCVMrc.csproj", "{43B3D919-F6B2-4B51-98F2-A5AD0ADB3122}"
EndProject
Project("{9A19103F-16F7-4668-BE54-9A1E7A4F7556}") = "xCVM.Core.CompilerServices", "xCVM.Core.CompilerServices\xCVM.Core.CompilerServices.csproj", "{8E319642-813D-4A74-989B-0FE00E53F871}"
EndProject
Project("{9A19103F-16F7-4668-BE54-9A1E7A4F7556}") = "xCVM.ShellUtilities", "xCVM.ShellUtilities\xCVM.ShellUtilities.csproj", "{91CAFA5F-AC72-4E03-865B-169AEBA3A788}"
EndProject
Project("{9A19103F-16F7-4668-BE54-9A1E7A4F7556}") = "xCVM.VM", "xCVM.VM\xCVM.VM.csproj", "{E12F79D4-3997-436B-B23A-694DE250615A}"
EndProject
Project("{2150E333-8FDC-42A3-9474-1A3956D46DE8}") = "Cx", "Cx", "{DE082038-489E-4A7F-82C0-45DA5F992B8B}"
EndProject
Project("{9A19103F-16F7-4668-BE54-9A1E7A4F7556}") = "Cx.Core", "Cx\Cx.Core\Cx.Core.csproj", "{5A554A01-B995-48DB-8D65-C0865A852E79}"
EndProject
Project("{2150E333-8FDC-42A3-9474-1A3956D46DE8}") = "VMFunction", "VMFunction", "{A2F8F0DD-6D60-44D7-B6D1-557583024D1A}"
EndProject
Project("{9A19103F-16F7-4668-BE54-9A1E7A4F7556}") = "SystemCalls", "VMFunctions\SystemCalls\SystemCalls.csproj", "{525809C8-5CA3-4A72-9FC6-F1D09E544182}"
EndProject
Project("{9A19103F-16F7-4668-BE54-9A1E7A4F7556}") = "Cx.Preprocessor", "Cx\Cx.Preprocessor\Cx.Preprocessor.csproj", "{64A55B7C-7F1B-42B9-A979-5E891301653B}"
EndProject
Project("{2150E333-8FDC-42A3-9474-1A3956D46DE8}") = "cli-tools", "cli-tools", "{A7B2F2D0-57B4-422B-A010-913ED7420538}"
EndProject
Project("{9A19103F-16F7-4668-BE54-9A1E7A4F7556}") = "cxp", "Cx\cli-tools\cxp\cxp.csproj", "{0E329DEE-44BB-4EA6-BA72-B73CE3FE8F4C}"
EndProject
Project("{FAE04EC0-301F-11D3-BF4B-00C04F79EFBC}") = "Cx.HL2VC", "Cx\Cx.HL2VC\Cx.HL2VC.csproj", "{7C53DB5D-8457-4AF9-80EA-3B108D2BDA85}"
EndProject
Global
	GlobalSection(SolutionConfigurationPlatforms) = preSolution
		Debug|Any CPU = Debug|Any CPU
		Release|Any CPU = Release|Any CPU
	EndGlobalSection
	GlobalSection(ProjectConfigurationPlatforms) = postSolution
		{EDD474BD-F8B3-4BE4-BADA-C57DB8608AC8}.Debug|Any CPU.ActiveCfg = Debug|Any CPU
		{EDD474BD-F8B3-4BE4-BADA-C57DB8608AC8}.Debug|Any CPU.Build.0 = Debug|Any CPU
		{EDD474BD-F8B3-4BE4-BADA-C57DB8608AC8}.Release|Any CPU.ActiveCfg = Release|Any CPU
		{EDD474BD-F8B3-4BE4-BADA-C57DB8608AC8}.Release|Any CPU.Build.0 = Release|Any CPU
		{59A15C78-39A5-4B75-A4F5-337CE9351E13}.Debug|Any CPU.ActiveCfg = Debug|Any CPU
		{59A15C78-39A5-4B75-A4F5-337CE9351E13}.Debug|Any CPU.Build.0 = Debug|Any CPU
		{59A15C78-39A5-4B75-A4F5-337CE9351E13}.Release|Any CPU.ActiveCfg = Release|Any CPU
		{59A15C78-39A5-4B75-A4F5-337CE9351E13}.Release|Any CPU.Build.0 = Release|Any CPU
		{34676FA7-4075-49DE-BFB8-77CEB144541C}.Debug|Any CPU.ActiveCfg = Debug|Any CPU
		{34676FA7-4075-49DE-BFB8-77CEB144541C}.Debug|Any CPU.Build.0 = Debug|Any CPU
		{34676FA7-4075-49DE-BFB8-77CEB144541C}.Release|Any CPU.ActiveCfg = Release|Any CPU
		{34676FA7-4075-49DE-BFB8-77CEB144541C}.Release|Any CPU.Build.0 = Release|Any CPU
		{43B3D919-F6B2-4B51-98F2-A5AD0ADB3122}.Debug|Any CPU.ActiveCfg = Debug|Any CPU
		{43B3D919-F6B2-4B51-98F2-A5AD0ADB3122}.Debug|Any CPU.Build.0 = Debug|Any CPU
		{43B3D919-F6B2-4B51-98F2-A5AD0ADB3122}.Release|Any CPU.ActiveCfg = Release|Any CPU
		{43B3D919-F6B2-4B51-98F2-A5AD0ADB3122}.Release|Any CPU.Build.0 = Release|Any CPU
		{8E319642-813D-4A74-989B-0FE00E53F871}.Debug|Any CPU.ActiveCfg = Debug|Any CPU
		{8E319642-813D-4A74-989B-0FE00E53F871}.Debug|Any CPU.Build.0 = Debug|Any CPU
		{8E319642-813D-4A74-989B-0FE00E53F871}.Release|Any CPU.ActiveCfg = Release|Any CPU
		{8E319642-813D-4A74-989B-0FE00E53F871}.Release|Any CPU.Build.0 = Release|Any CPU
		{91CAFA5F-AC72-4E03-865B-169AEBA3A788}.Debug|Any CPU.ActiveCfg = Debug|Any CPU
		{91CAFA5F-AC72-4E03-865B-169AEBA3A788}.Debug|Any CPU.Build.0 = Debug|Any CPU
		{91CAFA5F-AC72-4E03-865B-169AEBA3A788}.Release|Any CPU.ActiveCfg = Release|Any CPU
		{91CAFA5F-AC72-4E03-865B-169AEBA3A788}.Release|Any CPU.Build.0 = Release|Any CPU
		{E12F79D4-3997-436B-B23A-694DE250615A}.Debug|Any CPU.ActiveCfg = Debug|Any CPU
		{E12F79D4-3997-436B-B23A-694DE250615A}.Debug|Any CPU.Build.0 = Debug|Any CPU
		{E12F79D4-3997-436B-B23A-694DE250615A}.Release|Any CPU.ActiveCfg = Release|Any CPU
		{E12F79D4-3997-436B-B23A-694DE250615A}.Release|Any CPU.Build.0 = Release|Any CPU
		{5A554A01-B995-48DB-8D65-C0865A852E79}.Debug|Any CPU.ActiveCfg = Debug|Any CPU
		{5A554A01-B995-48DB-8D65-C0865A852E79}.Debug|Any CPU.Build.0 = Debug|Any CPU
		{5A554A01-B995-48DB-8D65-C0865A852E79}.Release|Any CPU.ActiveCfg = Release|Any CPU
		{5A554A01-B995-48DB-8D65-C0865A852E79}.Release|Any CPU.Build.0 = Release|Any CPU
		{525809C8-5CA3-4A72-9FC6-F1D09E544182}.Debug|Any CPU.ActiveCfg = Debug|Any CPU
		{525809C8-5CA3-4A72-9FC6-F1D09E544182}.Debug|Any CPU.Build.0 = Debug|Any CPU
		{525809C8-5CA3-4A72-9FC6-F1D09E544182}.Release|Any CPU.ActiveCfg = Release|Any CPU
		{525809C8-5CA3-4A72-9FC6-F1D09E544182}.Release|Any CPU.Build.0 = Release|Any CPU
		{64A55B7C-7F1B-42B9-A979-5E891301653B}.Debug|Any CPU.ActiveCfg = Debug|Any CPU
		{64A55B7C-7F1B-42B9-A979-5E891301653B}.Debug|Any CPU.Build.0 = Debug|Any CPU
		{64A55B7C-7F1B-42B9-A979-5E891301653B}.Release|Any CPU.ActiveCfg = Release|Any CPU
		{64A55B7C-7F1B-42B9-A979-5E891301653B}.Release|Any CPU.Build.0 = Release|Any CPU
		{0E329DEE-44BB-4EA6-BA72-B73CE3FE8F4C}.Debug|Any CPU.ActiveCfg = Debug|Any CPU
		{0E329DEE-44BB-4EA6-BA72-B73CE3FE8F4C}.Debug|Any CPU.Build.0 = Debug|Any CPU
		{0E329DEE-44BB-4EA6-BA72-B73CE3FE8F4C}.Release|Any CPU.ActiveCfg = Release|Any CPU
		{0E329DEE-44BB-4EA6-BA72-B73CE3FE8F4C}.Release|Any CPU.Build.0 = Release|Any CPU
		{7C53DB5D-8457-4AF9-80EA-3B108D2BDA85}.Debug|Any CPU.ActiveCfg = Debug|Any CPU
		{7C53DB5D-8457-4AF9-80EA-3B108D2BDA85}.Debug|Any CPU.Build.0 = Debug|Any CPU
		{7C53DB5D-8457-4AF9-80EA-3B108D2BDA85}.Release|Any CPU.ActiveCfg = Release|Any CPU
		{7C53DB5D-8457-4AF9-80EA-3B108D2BDA85}.Release|Any CPU.Build.0 = Release|Any CPU
	EndGlobalSection
	GlobalSection(SolutionProperties) = preSolution
		HideSolutionNode = FALSE
	EndGlobalSection
	GlobalSection(NestedProjects) = preSolution
		{5A554A01-B995-48DB-8D65-C0865A852E79} = {DE082038-489E-4A7F-82C0-45DA5F992B8B}
		{525809C8-5CA3-4A72-9FC6-F1D09E544182} = {A2F8F0DD-6D60-44D7-B6D1-557583024D1A}
		{64A55B7C-7F1B-42B9-A979-5E891301653B} = {DE082038-489E-4A7F-82C0-45DA5F992B8B}
		{A7B2F2D0-57B4-422B-A010-913ED7420538} = {DE082038-489E-4A7F-82C0-45DA5F992B8B}
		{0E329DEE-44BB-4EA6-BA72-B73CE3FE8F4C} = {A7B2F2D0-57B4-422B-A010-913ED7420538}
	EndGlobalSection
	GlobalSection(ExtensibilityGlobals) = postSolution
		SolutionGuid = {B462C80F-2718-4E96-ADE0-4CBC764339FF}
	EndGlobalSection
EndGlobal
